// !$*UTF8*$!
{
	archiveVersion = 1;
	classes = {
	};
	objectVersion = 77;
	objects = {

/* Begin PBXBuildFile section */
		EF1117742CB38FA500305E19 /* macro-hiking-decision-2 Watch App.app in Embed Watch Content */ = {isa = PBXBuildFile; fileRef = EF1117732CB38FA500305E19 /* macro-hiking-decision-2 Watch App.app */; settings = {ATTRIBUTES = (RemoveHeadersOnCopy, ); }; };
/* End PBXBuildFile section */

/* Begin PBXContainerItemProxy section */
		EF1117752CB38FA500305E19 /* PBXContainerItemProxy */ = {
			isa = PBXContainerItemProxy;
			containerPortal = EF11175B2CB38FA300305E19 /* Project object */;
			proxyType = 1;
			remoteGlobalIDString = EF1117722CB38FA500305E19;
			remoteInfo = "macro-hiking-decision-2 Watch App";
		};
/* End PBXContainerItemProxy section */

/* Begin PBXCopyFilesBuildPhase section */
		EF1117862CB38FA500305E19 /* Embed Watch Content */ = {
			isa = PBXCopyFilesBuildPhase;
			buildActionMask = 2147483647;
			dstPath = "$(CONTENTS_FOLDER_PATH)/Watch";
			dstSubfolderSpec = 16;
			files = (
				EF1117742CB38FA500305E19 /* macro-hiking-decision-2 Watch App.app in Embed Watch Content */,
			);
			name = "Embed Watch Content";
			runOnlyForDeploymentPostprocessing = 0;
		};
/* End PBXCopyFilesBuildPhase section */

/* Begin PBXFileReference section */
		EF1117632CB38FA300305E19 /* macro-hiking-decision-2.app */ = {isa = PBXFileReference; explicitFileType = wrapper.application; includeInIndex = 0; path = "macro-hiking-decision-2.app"; sourceTree = BUILT_PRODUCTS_DIR; };
		EF1117732CB38FA500305E19 /* macro-hiking-decision-2 Watch App.app */ = {isa = PBXFileReference; explicitFileType = wrapper.application; includeInIndex = 0; path = "macro-hiking-decision-2 Watch App.app"; sourceTree = BUILT_PRODUCTS_DIR; };
/* End PBXFileReference section */

/* Begin PBXFileSystemSynchronizedRootGroup section */
		EF1117652CB38FA300305E19 /* macro-hiking-decision-2 */ = {
			isa = PBXFileSystemSynchronizedRootGroup;
			path = "macro-hiking-decision-2";
			sourceTree = "<group>";
		};
		EF1117772CB38FA500305E19 /* macro-hiking-decision-2 Watch App */ = {
			isa = PBXFileSystemSynchronizedRootGroup;
			path = "macro-hiking-decision-2 Watch App";
			sourceTree = "<group>";
		};
/* End PBXFileSystemSynchronizedRootGroup section */

/* Begin PBXFrameworksBuildPhase section */
		EF1117602CB38FA300305E19 /* Frameworks */ = {
			isa = PBXFrameworksBuildPhase;
			buildActionMask = 2147483647;
			files = (
			);
			runOnlyForDeploymentPostprocessing = 0;
		};
		EF1117702CB38FA500305E19 /* Frameworks */ = {
			isa = PBXFrameworksBuildPhase;
			buildActionMask = 2147483647;
			files = (
			);
			runOnlyForDeploymentPostprocessing = 0;
		};
/* End PBXFrameworksBuildPhase section */

/* Begin PBXGroup section */
		EF11175A2CB38FA300305E19 = {
			isa = PBXGroup;
			children = (
				EF1117652CB38FA300305E19 /* macro-hiking-decision-2 */,
				EF1117772CB38FA500305E19 /* macro-hiking-decision-2 Watch App */,
				EF1117642CB38FA300305E19 /* Products */,
			);
			sourceTree = "<group>";
		};
		EF1117642CB38FA300305E19 /* Products */ = {
			isa = PBXGroup;
			children = (
				EF1117632CB38FA300305E19 /* macro-hiking-decision-2.app */,
				EF1117732CB38FA500305E19 /* macro-hiking-decision-2 Watch App.app */,
			);
			name = Products;
			sourceTree = "<group>";
		};
/* End PBXGroup section */

/* Begin PBXNativeTarget section */
		EF1117622CB38FA300305E19 /* macro-hiking-decision-2 */ = {
			isa = PBXNativeTarget;
			buildConfigurationList = EF1117872CB38FA500305E19 /* Build configuration list for PBXNativeTarget "macro-hiking-decision-2" */;
			buildPhases = (
				EF11175F2CB38FA300305E19 /* Sources */,
				EF1117602CB38FA300305E19 /* Frameworks */,
				EF1117612CB38FA300305E19 /* Resources */,
				EF1117862CB38FA500305E19 /* Embed Watch Content */,
			);
			buildRules = (
			);
			dependencies = (
				EF1117762CB38FA500305E19 /* PBXTargetDependency */,
			);
			fileSystemSynchronizedGroups = (
				EF1117652CB38FA300305E19 /* macro-hiking-decision-2 */,
			);
			name = "macro-hiking-decision-2";
			packageProductDependencies = (
			);
			productName = "macro-hiking-decision-2";
			productReference = EF1117632CB38FA300305E19 /* macro-hiking-decision-2.app */;
			productType = "com.apple.product-type.application";
		};
		EF1117722CB38FA500305E19 /* macro-hiking-decision-2 Watch App */ = {
			isa = PBXNativeTarget;
			buildConfigurationList = EF1117832CB38FA500305E19 /* Build configuration list for PBXNativeTarget "macro-hiking-decision-2 Watch App" */;
			buildPhases = (
				EF11176F2CB38FA500305E19 /* Sources */,
				EF1117702CB38FA500305E19 /* Frameworks */,
				EF1117712CB38FA500305E19 /* Resources */,
			);
			buildRules = (
			);
			dependencies = (
			);
			fileSystemSynchronizedGroups = (
				EF1117772CB38FA500305E19 /* macro-hiking-decision-2 Watch App */,
			);
			name = "macro-hiking-decision-2 Watch App";
			packageProductDependencies = (
			);
			productName = "macro-hiking-decision-2 Watch App";
			productReference = EF1117732CB38FA500305E19 /* macro-hiking-decision-2 Watch App.app */;
			productType = "com.apple.product-type.application";
		};
/* End PBXNativeTarget section */

/* Begin PBXProject section */
		EF11175B2CB38FA300305E19 /* Project object */ = {
			isa = PBXProject;
			attributes = {
				BuildIndependentTargetsInParallel = 1;
				LastSwiftUpdateCheck = 1600;
				LastUpgradeCheck = 1600;
				TargetAttributes = {
					EF1117622CB38FA300305E19 = {
						CreatedOnToolsVersion = 16.0;
					};
					EF1117722CB38FA500305E19 = {
						CreatedOnToolsVersion = 16.0;
					};
				};
			};
			buildConfigurationList = EF11175E2CB38FA300305E19 /* Build configuration list for PBXProject "macro-hiking-decision-2" */;
			developmentRegion = en;
			hasScannedForEncodings = 0;
			knownRegions = (
				en,
				Base,
			);
			mainGroup = EF11175A2CB38FA300305E19;
			minimizedProjectReferenceProxies = 1;
			preferredProjectObjectVersion = 77;
			productRefGroup = EF1117642CB38FA300305E19 /* Products */;
			projectDirPath = "";
			projectRoot = "";
			targets = (
				EF1117622CB38FA300305E19 /* macro-hiking-decision-2 */,
				EF1117722CB38FA500305E19 /* macro-hiking-decision-2 Watch App */,
			);
		};
/* End PBXProject section */

/* Begin PBXResourcesBuildPhase section */
		EF1117612CB38FA300305E19 /* Resources */ = {
			isa = PBXResourcesBuildPhase;
			buildActionMask = 2147483647;
			files = (
			);
			runOnlyForDeploymentPostprocessing = 0;
		};
		EF1117712CB38FA500305E19 /* Resources */ = {
			isa = PBXResourcesBuildPhase;
			buildActionMask = 2147483647;
			files = (
			);
			runOnlyForDeploymentPostprocessing = 0;
		};
/* End PBXResourcesBuildPhase section */

/* Begin PBXSourcesBuildPhase section */
		EF11175F2CB38FA300305E19 /* Sources */ = {
			isa = PBXSourcesBuildPhase;
			buildActionMask = 2147483647;
			files = (
			);
			runOnlyForDeploymentPostprocessing = 0;
		};
		EF11176F2CB38FA500305E19 /* Sources */ = {
			isa = PBXSourcesBuildPhase;
			buildActionMask = 2147483647;
			files = (
			);
			runOnlyForDeploymentPostprocessing = 0;
		};
/* End PBXSourcesBuildPhase section */

/* Begin PBXTargetDependency section */
		EF1117762CB38FA500305E19 /* PBXTargetDependency */ = {
			isa = PBXTargetDependency;
			target = EF1117722CB38FA500305E19 /* macro-hiking-decision-2 Watch App */;
			targetProxy = EF1117752CB38FA500305E19 /* PBXContainerItemProxy */;
		};
/* End PBXTargetDependency section */

/* Begin XCBuildConfiguration section */
		EF1117812CB38FA500305E19 /* Debug */ = {
			isa = XCBuildConfiguration;
			buildSettings = {
				ALWAYS_SEARCH_USER_PATHS = NO;
				ASSETCATALOG_COMPILER_GENERATE_SWIFT_ASSET_SYMBOL_EXTENSIONS = YES;
				CLANG_ANALYZER_NONNULL = YES;
				CLANG_ANALYZER_NUMBER_OBJECT_CONVERSION = YES_AGGRESSIVE;
				CLANG_CXX_LANGUAGE_STANDARD = "gnu++20";
				CLANG_ENABLE_MODULES = YES;
				CLANG_ENABLE_OBJC_ARC = YES;
				CLANG_ENABLE_OBJC_WEAK = YES;
				CLANG_WARN_BLOCK_CAPTURE_AUTORELEASING = YES;
				CLANG_WARN_BOOL_CONVERSION = YES;
				CLANG_WARN_COMMA = YES;
				CLANG_WARN_CONSTANT_CONVERSION = YES;
				CLANG_WARN_DEPRECATED_OBJC_IMPLEMENTATIONS = YES;
				CLANG_WARN_DIRECT_OBJC_ISA_USAGE = YES_ERROR;
				CLANG_WARN_DOCUMENTATION_COMMENTS = YES;
				CLANG_WARN_EMPTY_BODY = YES;
				CLANG_WARN_ENUM_CONVERSION = YES;
				CLANG_WARN_INFINITE_RECURSION = YES;
				CLANG_WARN_INT_CONVERSION = YES;
				CLANG_WARN_NON_LITERAL_NULL_CONVERSION = YES;
				CLANG_WARN_OBJC_IMPLICIT_RETAIN_SELF = YES;
				CLANG_WARN_OBJC_LITERAL_CONVERSION = YES;
				CLANG_WARN_OBJC_ROOT_CLASS = YES_ERROR;
				CLANG_WARN_QUOTED_INCLUDE_IN_FRAMEWORK_HEADER = YES;
				CLANG_WARN_RANGE_LOOP_ANALYSIS = YES;
				CLANG_WARN_STRICT_PROTOTYPES = YES;
				CLANG_WARN_SUSPICIOUS_MOVE = YES;
				CLANG_WARN_UNGUARDED_AVAILABILITY = YES_AGGRESSIVE;
				CLANG_WARN_UNREACHABLE_CODE = YES;
				CLANG_WARN__DUPLICATE_METHOD_MATCH = YES;
				COPY_PHASE_STRIP = NO;
				DEBUG_INFORMATION_FORMAT = dwarf;
				ENABLE_STRICT_OBJC_MSGSEND = YES;
				ENABLE_TESTABILITY = YES;
				ENABLE_USER_SCRIPT_SANDBOXING = YES;
				GCC_C_LANGUAGE_STANDARD = gnu17;
				GCC_DYNAMIC_NO_PIC = NO;
				GCC_NO_COMMON_BLOCKS = YES;
				GCC_OPTIMIZATION_LEVEL = 0;
				GCC_PREPROCESSOR_DEFINITIONS = (
					"DEBUG=1",
					"$(inherited)",
				);
				GCC_WARN_64_TO_32_BIT_CONVERSION = YES;
				GCC_WARN_ABOUT_RETURN_TYPE = YES_ERROR;
				GCC_WARN_UNDECLARED_SELECTOR = YES;
				GCC_WARN_UNINITIALIZED_AUTOS = YES_AGGRESSIVE;
				GCC_WARN_UNUSED_FUNCTION = YES;
				GCC_WARN_UNUSED_VARIABLE = YES;
				LOCALIZATION_PREFERS_STRING_CATALOGS = YES;
				MTL_ENABLE_DEBUG_INFO = INCLUDE_SOURCE;
				MTL_FAST_MATH = YES;
				ONLY_ACTIVE_ARCH = YES;
				SWIFT_ACTIVE_COMPILATION_CONDITIONS = "DEBUG $(inherited)";
				SWIFT_OPTIMIZATION_LEVEL = "-Onone";
			};
			name = Debug;
		};
		EF1117822CB38FA500305E19 /* Release */ = {
			isa = XCBuildConfiguration;
			buildSettings = {
				ALWAYS_SEARCH_USER_PATHS = NO;
				ASSETCATALOG_COMPILER_GENERATE_SWIFT_ASSET_SYMBOL_EXTENSIONS = YES;
				CLANG_ANALYZER_NONNULL = YES;
				CLANG_ANALYZER_NUMBER_OBJECT_CONVERSION = YES_AGGRESSIVE;
				CLANG_CXX_LANGUAGE_STANDARD = "gnu++20";
				CLANG_ENABLE_MODULES = YES;
				CLANG_ENABLE_OBJC_ARC = YES;
				CLANG_ENABLE_OBJC_WEAK = YES;
				CLANG_WARN_BLOCK_CAPTURE_AUTORELEASING = YES;
				CLANG_WARN_BOOL_CONVERSION = YES;
				CLANG_WARN_COMMA = YES;
				CLANG_WARN_CONSTANT_CONVERSION = YES;
				CLANG_WARN_DEPRECATED_OBJC_IMPLEMENTATIONS = YES;
				CLANG_WARN_DIRECT_OBJC_ISA_USAGE = YES_ERROR;
				CLANG_WARN_DOCUMENTATION_COMMENTS = YES;
				CLANG_WARN_EMPTY_BODY = YES;
				CLANG_WARN_ENUM_CONVERSION = YES;
				CLANG_WARN_INFINITE_RECURSION = YES;
				CLANG_WARN_INT_CONVERSION = YES;
				CLANG_WARN_NON_LITERAL_NULL_CONVERSION = YES;
				CLANG_WARN_OBJC_IMPLICIT_RETAIN_SELF = YES;
				CLANG_WARN_OBJC_LITERAL_CONVERSION = YES;
				CLANG_WARN_OBJC_ROOT_CLASS = YES_ERROR;
				CLANG_WARN_QUOTED_INCLUDE_IN_FRAMEWORK_HEADER = YES;
				CLANG_WARN_RANGE_LOOP_ANALYSIS = YES;
				CLANG_WARN_STRICT_PROTOTYPES = YES;
				CLANG_WARN_SUSPICIOUS_MOVE = YES;
				CLANG_WARN_UNGUARDED_AVAILABILITY = YES_AGGRESSIVE;
				CLANG_WARN_UNREACHABLE_CODE = YES;
				CLANG_WARN__DUPLICATE_METHOD_MATCH = YES;
				COPY_PHASE_STRIP = NO;
				DEBUG_INFORMATION_FORMAT = "dwarf-with-dsym";
				ENABLE_NS_ASSERTIONS = NO;
				ENABLE_STRICT_OBJC_MSGSEND = YES;
				ENABLE_USER_SCRIPT_SANDBOXING = YES;
				GCC_C_LANGUAGE_STANDARD = gnu17;
				GCC_NO_COMMON_BLOCKS = YES;
				GCC_WARN_64_TO_32_BIT_CONVERSION = YES;
				GCC_WARN_ABOUT_RETURN_TYPE = YES_ERROR;
				GCC_WARN_UNDECLARED_SELECTOR = YES;
				GCC_WARN_UNINITIALIZED_AUTOS = YES_AGGRESSIVE;
				GCC_WARN_UNUSED_FUNCTION = YES;
				GCC_WARN_UNUSED_VARIABLE = YES;
				LOCALIZATION_PREFERS_STRING_CATALOGS = YES;
				MTL_ENABLE_DEBUG_INFO = NO;
				MTL_FAST_MATH = YES;
				SWIFT_COMPILATION_MODE = wholemodule;
			};
			name = Release;
		};
		EF1117842CB38FA500305E19 /* Debug */ = {
			isa = XCBuildConfiguration;
			buildSettings = {
				ASSETCATALOG_COMPILER_APPICON_NAME = AppIcon;
				ASSETCATALOG_COMPILER_GLOBAL_ACCENT_COLOR_NAME = AccentColor;
				CODE_SIGN_ENTITLEMENTS = "macro-hiking-decision-2 Watch App/macro-hiking-decision-2 Watch App.entitlements";
				CODE_SIGN_STYLE = Automatic;
				CURRENT_PROJECT_VERSION = 1;
				DEVELOPMENT_ASSET_PATHS = "\"macro-hiking-decision-2 Watch App/Preview Content\"";
				DEVELOPMENT_TEAM = 9HR48NXTG8;
				ENABLE_PREVIEWS = YES;
				GENERATE_INFOPLIST_FILE = YES;
				INFOPLIST_FILE = "macro-hiking-decision-2-Watch-App-Info.plist";
				INFOPLIST_KEY_CFBundleDisplayName = "macro-hiking-decision-2";
				INFOPLIST_KEY_NSHealthShareUsageDescription = "App membutuhkan akses ke data kesehatan untuk menyimpan Heart Rate dan Oxygen Saturation, Flight Climbed.";
				INFOPLIST_KEY_NSHealthUpdateUsageDescription = "App membutuhkan akses ke data kesehatan untuk menyimpan Heart Rate dan Oxygen Saturation, Flight Climbed.";
				INFOPLIST_KEY_NSMotionUsageDescription = "App membutuhkan data altitude";
				INFOPLIST_KEY_UISupportedInterfaceOrientations = "UIInterfaceOrientationPortrait UIInterfaceOrientationPortraitUpsideDown";
				INFOPLIST_KEY_WKCompanionAppBundleIdentifier = "com.timbolatenis.macro-hiking-decision-2";
				LD_RUNPATH_SEARCH_PATHS = (
					"$(inherited)",
					"@executable_path/Frameworks",
				);
				MARKETING_VERSION = 1.0;
				PRODUCT_BUNDLE_IDENTIFIER = "com.timbolatenis.macro-hiking-decision-2.watchkitapp";
				PRODUCT_NAME = "$(TARGET_NAME)";
				SDKROOT = watchos;
				SKIP_INSTALL = YES;
				SWIFT_EMIT_LOC_STRINGS = YES;
				SWIFT_VERSION = 5.0;
				TARGETED_DEVICE_FAMILY = 4;
				WATCHOS_DEPLOYMENT_TARGET = 10.0;
			};
			name = Debug;
		};
		EF1117852CB38FA500305E19 /* Release */ = {
			isa = XCBuildConfiguration;
			buildSettings = {
				ASSETCATALOG_COMPILER_APPICON_NAME = AppIcon;
				ASSETCATALOG_COMPILER_GLOBAL_ACCENT_COLOR_NAME = AccentColor;
				CODE_SIGN_ENTITLEMENTS = "macro-hiking-decision-2 Watch App/macro-hiking-decision-2 Watch App.entitlements";
				CODE_SIGN_STYLE = Automatic;
				CURRENT_PROJECT_VERSION = 1;
				DEVELOPMENT_ASSET_PATHS = "\"macro-hiking-decision-2 Watch App/Preview Content\"";
				DEVELOPMENT_TEAM = 9HR48NXTG8;
				ENABLE_PREVIEWS = YES;
				GENERATE_INFOPLIST_FILE = YES;
				INFOPLIST_FILE = "macro-hiking-decision-2-Watch-App-Info.plist";
				INFOPLIST_KEY_CFBundleDisplayName = "macro-hiking-decision-2";
				INFOPLIST_KEY_NSHealthShareUsageDescription = "App membutuhkan akses ke data kesehatan untuk menyimpan Heart Rate dan Oxygen Saturation, Flight Climbed.";
				INFOPLIST_KEY_NSHealthUpdateUsageDescription = "App membutuhkan akses ke data kesehatan untuk menyimpan Heart Rate dan Oxygen Saturation, Flight Climbed.";
				INFOPLIST_KEY_NSMotionUsageDescription = "App membutuhkan data altitude";
				INFOPLIST_KEY_UISupportedInterfaceOrientations = "UIInterfaceOrientationPortrait UIInterfaceOrientationPortraitUpsideDown";
				INFOPLIST_KEY_WKCompanionAppBundleIdentifier = "com.timbolatenis.macro-hiking-decision-2";
				LD_RUNPATH_SEARCH_PATHS = (
					"$(inherited)",
					"@executable_path/Frameworks",
				);
				MARKETING_VERSION = 1.0;
				PRODUCT_BUNDLE_IDENTIFIER = "com.timbolatenis.macro-hiking-decision-2.watchkitapp";
				PRODUCT_NAME = "$(TARGET_NAME)";
				SDKROOT = watchos;
				SKIP_INSTALL = YES;
				SWIFT_EMIT_LOC_STRINGS = YES;
				SWIFT_VERSION = 5.0;
				TARGETED_DEVICE_FAMILY = 4;
				VALIDATE_PRODUCT = YES;
				WATCHOS_DEPLOYMENT_TARGET = 10.0;
			};
			name = Release;
		};
		EF1117882CB38FA500305E19 /* Debug */ = {
			isa = XCBuildConfiguration;
			buildSettings = {
				ASSETCATALOG_COMPILER_APPICON_NAME = AppIcon;
				ASSETCATALOG_COMPILER_GLOBAL_ACCENT_COLOR_NAME = AccentColor;
				CODE_SIGN_ENTITLEMENTS = "macro-hiking-decision-2/macro-hiking-decision-2.entitlements";
				CODE_SIGN_STYLE = Automatic;
				CURRENT_PROJECT_VERSION = 1;
				DEVELOPMENT_ASSET_PATHS = "\"macro-hiking-decision-2/Preview Content\"";
				DEVELOPMENT_TEAM = 9HR48NXTG8;
				ENABLE_PREVIEWS = YES;
				GENERATE_INFOPLIST_FILE = YES;
				INFOPLIST_KEY_CFBundleDisplayName = "macro-hiking-decision-2";
				INFOPLIST_KEY_NSHealthShareUsageDescription = "App membutuhkan akses ke data kesehatan untuk menyimpan Heart Rate dan Oxygen Saturation, Flight Climbed.";
				INFOPLIST_KEY_NSHealthUpdateUsageDescription = "App membutuhkan akses ke data kesehatan untuk menyimpan Heart Rate dan Oxygen Saturation, Flight Climbed.";
				INFOPLIST_KEY_NSMotionUsageDescription = "App membutuhkan data altitude.";
				INFOPLIST_KEY_UIApplicationSceneManifest_Generation = YES;
				INFOPLIST_KEY_UIApplicationSupportsIndirectInputEvents = YES;
				INFOPLIST_KEY_UILaunchScreen_Generation = YES;
				INFOPLIST_KEY_UISupportedInterfaceOrientations_iPad = "UIInterfaceOrientationPortrait UIInterfaceOrientationPortraitUpsideDown UIInterfaceOrientationLandscapeLeft UIInterfaceOrientationLandscapeRight";
				INFOPLIST_KEY_UISupportedInterfaceOrientations_iPhone = "UIInterfaceOrientationPortrait UIInterfaceOrientationLandscapeLeft UIInterfaceOrientationLandscapeRight";
				IPHONEOS_DEPLOYMENT_TARGET = 17.0;
				LD_RUNPATH_SEARCH_PATHS = (
					"$(inherited)",
					"@executable_path/Frameworks",
				);
				MARKETING_VERSION = 1.0;
				PRODUCT_BUNDLE_IDENTIFIER = "com.timbolatenis.macro-hiking-decision-2";
				PRODUCT_NAME = "$(TARGET_NAME)";
				SDKROOT = iphoneos;
				SUPPORTED_PLATFORMS = "iphoneos iphonesimulator";
				SUPPORTS_MACCATALYST = NO;
				SUPPORTS_MAC_DESIGNED_FOR_IPHONE_IPAD = NO;
				SUPPORTS_XR_DESIGNED_FOR_IPHONE_IPAD = NO;
				SWIFT_EMIT_LOC_STRINGS = YES;
				SWIFT_VERSION = 5.0;
				TARGETED_DEVICE_FAMILY = "1,2";
			};
			name = Debug;
		};
		EF1117892CB38FA500305E19 /* Release */ = {
			isa = XCBuildConfiguration;
			buildSettings = {
				ASSETCATALOG_COMPILER_APPICON_NAME = AppIcon;
				ASSETCATALOG_COMPILER_GLOBAL_ACCENT_COLOR_NAME = AccentColor;
				CODE_SIGN_ENTITLEMENTS = "macro-hiking-decision-2/macro-hiking-decision-2.entitlements";
				CODE_SIGN_STYLE = Automatic;
				CURRENT_PROJECT_VERSION = 1;
				DEVELOPMENT_ASSET_PATHS = "\"macro-hiking-decision-2/Preview Content\"";
				DEVELOPMENT_TEAM = 9HR48NXTG8;
				ENABLE_PREVIEWS = YES;
				GENERATE_INFOPLIST_FILE = YES;
				INFOPLIST_KEY_CFBundleDisplayName = "macro-hiking-decision-2";
				INFOPLIST_KEY_NSHealthShareUsageDescription = "App membutuhkan akses ke data kesehatan untuk menyimpan Heart Rate dan Oxygen Saturation, Flight Climbed.";
				INFOPLIST_KEY_NSHealthUpdateUsageDescription = "App membutuhkan akses ke data kesehatan untuk menyimpan Heart Rate dan Oxygen Saturation, Flight Climbed.";
				INFOPLIST_KEY_NSMotionUsageDescription = "App membutuhkan data altitude.";
				INFOPLIST_KEY_UIApplicationSceneManifest_Generation = YES;
				INFOPLIST_KEY_UIApplicationSupportsIndirectInputEvents = YES;
				INFOPLIST_KEY_UILaunchScreen_Generation = YES;
				INFOPLIST_KEY_UISupportedInterfaceOrientations_iPad = "UIInterfaceOrientationPortrait UIInterfaceOrientationPortraitUpsideDown UIInterfaceOrientationLandscapeLeft UIInterfaceOrientationLandscapeRight";
				INFOPLIST_KEY_UISupportedInterfaceOrientations_iPhone = "UIInterfaceOrientationPortrait UIInterfaceOrientationLandscapeLeft UIInterfaceOrientationLandscapeRight";
				IPHONEOS_DEPLOYMENT_TARGET = 17.0;
				LD_RUNPATH_SEARCH_PATHS = (
					"$(inherited)",
					"@executable_path/Frameworks",
				);
				MARKETING_VERSION = 1.0;
				PRODUCT_BUNDLE_IDENTIFIER = "com.timbolatenis.macro-hiking-decision-2";
				PRODUCT_NAME = "$(TARGET_NAME)";
				SDKROOT = iphoneos;
				SUPPORTED_PLATFORMS = "iphoneos iphonesimulator";
				SUPPORTS_MACCATALYST = NO;
				SUPPORTS_MAC_DESIGNED_FOR_IPHONE_IPAD = NO;
				SUPPORTS_XR_DESIGNED_FOR_IPHONE_IPAD = NO;
				SWIFT_EMIT_LOC_STRINGS = YES;
				SWIFT_VERSION = 5.0;
				TARGETED_DEVICE_FAMILY = "1,2";
				VALIDATE_PRODUCT = YES;
			};
			name = Release;
		};
/* End XCBuildConfiguration section */

/* Begin XCConfigurationList section */
		EF11175E2CB38FA300305E19 /* Build configuration list for PBXProject "macro-hiking-decision-2" */ = {
			isa = XCConfigurationList;
			buildConfigurations = (
				EF1117812CB38FA500305E19 /* Debug */,
				EF1117822CB38FA500305E19 /* Release */,
			);
			defaultConfigurationIsVisible = 0;
			defaultConfigurationName = Release;
		};
		EF1117832CB38FA500305E19 /* Build configuration list for PBXNativeTarget "macro-hiking-decision-2 Watch App" */ = {
			isa = XCConfigurationList;
			buildConfigurations = (
				EF1117842CB38FA500305E19 /* Debug */,
				EF1117852CB38FA500305E19 /* Release */,
			);
			defaultConfigurationIsVisible = 0;
			defaultConfigurationName = Release;
		};
		EF1117872CB38FA500305E19 /* Build configuration list for PBXNativeTarget "macro-hiking-decision-2" */ = {
			isa = XCConfigurationList;
			buildConfigurations = (
				EF1117882CB38FA500305E19 /* Debug */,
				EF1117892CB38FA500305E19 /* Release */,
			);
			defaultConfigurationIsVisible = 0;
			defaultConfigurationName = Release;
		};
/* End XCConfigurationList section */
	};
	rootObject = EF11175B2CB38FA300305E19 /* Project object */;
}
